{
  "nodes": {
    "flake-compat": {
      "flake": false,
      "locked": {
        "lastModified": 1767039857,
        "narHash": "sha256-vNpUSpF5Nuw8xvDLj2KCwwksIbjua2LZCqhV1LNRDns=",
        "owner": "edolstra",
        "repo": "flake-compat",
        "rev": "5edf11c44bc78a0d334f6334cdaf7d60d732daab",
        "type": "github"
      },
      "original": {
        "owner": "edolstra",
        "repo": "flake-compat",
        "type": "github"
      }
    },
    "flake-parts": {
      "inputs": {
        "nixpkgs-lib": "nixpkgs-lib"
      },
      "locked": {
        "lastModified": 1785627969,
        "narHash": "sha256-4dtXQk/NMePegK/nWp5NSeuZKLATItOq61lpEvmXqGw=",
        "owner": "hercules-ci",
        "repo": "flake-parts",
        "rev": "427bf4bd9435fdf21321c8cc628c24efc14c0f7a",
        "type": "github"
      },
      "original": {
        "owner": "hercules-ci",
        "repo": "flake-parts",
        "type": "github"
      }
    },
    "flake-parts_2": {
      "inputs": {
        "nixpkgs-lib": [
          "gepetto",
          "system-manager",
          "userborn",
          "nixpkgs"
        ]
      },
      "locked": {
        "lastModified": 1768135262,
        "narHash": "sha256-PVvu7OqHBGWN16zSi6tEmPwwHQ4rLPU9Plvs8/1TUBY=",
        "owner": "hercules-ci",
        "repo": "flake-parts",
        "rev": "80daad04eddbbf5a4d883996a73f3f542fa437ac",
        "type": "github"
      },
      "original": {
        "owner": "hercules-ci",
        "repo": "flake-parts",
        "type": "github"
      }
    },
    "flake-utils": {
      "inputs": {
        "systems": "systems"
      },
      "locked": {
        "lastModified": 1731533236,
        "narHash": "sha256-l0KFg5HjrsfsO/JpG+r7fRrqm12kzFHyUHqHCVpMMbI=",
        "owner": "numtide",
        "repo": "flake-utils",
        "rev": "11707dc2f618dd54ca8739b309ec4fc024de578b",
        "type": "github"
      },
      "original": {
        "owner": "numtide",
        "repo": "flake-utils",
        "type": "github"
      }
    },
    "flakoboros": {
      "inputs": {
        "flake-parts": "flake-parts",
        "nix-ros-overlay": "nix-ros-overlay",
        "nixpkgs": [
          "gepetto",
          "gazebros2nix",
          "flakoboros",
          "nix-ros-overlay",
          "nixpkgs"
        ],
        "systems": [
          "gepetto",
          "gazebros2nix",
          "flakoboros",
          "nix-ros-overlay",
          "flake-utils",
          "systems"
        ],
        "treefmt-nix": "treefmt-nix"
      },
      "locked": {
        "lastModified": 1787362168,
        "narHash": "sha256-wjptxZS0AczHaM7aRZfUjP3Uonx1Gk01Xad40MoUFgY=",
        "owner": "gepetto",
        "repo": "flakoboros",
        "rev": "3b1782f9e6710be862de9a6f111e1e0102f532c9",
        "type": "github"
      },
      "original": {
        "owner": "gepetto",
        "repo": "flakoboros",
        "type": "github"
      }
    },
    "gazebros2nix": {
      "inputs": {
        "flake-parts": [
          "gepetto",
          "gazebros2nix",
          "flakoboros",
          "flake-parts"
        ],
        "flakoboros": "flakoboros",
        "nix-ros-overlay": [
          "gepetto",
          "gazebros2nix",
          "flakoboros",
          "nix-ros-overlay"
        ],
        "nixpkgs": [
          "gepetto",
          "gazebros2nix",
          "flakoboros",
          "nixpkgs"
        ],
        "rosdistro": [
          "gepetto",
          "gazebros2nix",
          "nix-ros-overlay",
          "rosdistro"
        ],
        "systems": [
          "gepetto",
          "gazebros2nix",
          "flakoboros",
          "systems"
        ],
        "treefmt-nix": [
          "gepetto",
          "gazebros2nix",
          "flakoboros",
          "treefmt-nix"
        ]
      },
      "locked": {
        "lastModified": 1787403380,
        "narHash": "sha256-o9pzgnF1YB9RAhSfXt8RdIGhvg7bB31330CsWEEXPd4=",
        "owner": "gepetto",
        "repo": "gazebros2nix",
        "rev": "c7b9641f67a7fcb962103e18e324d7606267c290",
        "type": "github"
      },
      "original": {
        "owner": "gepetto",
        "repo": "gazebros2nix",
        "type": "github"
      }
    },
    "gepetto": {
      "inputs": {
        "flake-parts": [
          "gepetto",
          "gazebros2nix",
          "flake-parts"
        ],
        "flakoboros": [
          "gepetto",
          "gazebros2nix",
          "flakoboros"
        ],
        "gazebros2nix": "gazebros2nix",
        "home-manager": "home-manager",
        "nix-ros-overlay": [
          "gepetto",
          "gazebros2nix",
          "nix-ros-overlay"
        ],
        "nix-system-graphics": "nix-system-graphics",
        "nixpkgs": [
          "gepetto",
          "gazebros2nix",
          "nixpkgs"
        ],
        "system-manager": "system-manager",
        "systems": [
          "gepetto",
          "gazebros2nix",
          "systems"
        ],
        "treefmt-nix": [
          "gepetto",
          "gazebros2nix",
          "treefmt-nix"
        ]
      },
      "locked": {
        "lastModified": 1787446058,
        "narHash": "sha256-y+p4rHkdJhX2OapfZPkx59nh/fRgx+5w/7rRQSqcneY=",
        "owner": "gepetto",
        "repo": "nix",
        "rev": "bdae5d39aea23652f19f37f7c3cf59277639ffe6",
        "type": "github"
      },
      "original": {
        "owner": "gepetto",
        "repo": "nix",
        "type": "github"
      }
    },
    "gitignore": {
      "inputs": {
        "nixpkgs": [
          "gepetto",
          "system-manager",
          "userborn",
          "pre-commit-hooks-nix",
          "nixpkgs"
        ]
      },
      "locked": {
        "lastModified": 1709087332,
        "narHash": "sha256-HG2cCnktfHsKV0s4XW83gU3F57gaTljL9KNSuG6bnQs=",
        "owner": "hercules-ci",
        "repo": "gitignore.nix",
        "rev": "637db329424fd7e46cf4185293b9cc8c88c95394",
        "type": "github"
      },
      "original": {
        "owner": "hercules-ci",
        "repo": "gitignore.nix",
        "type": "github"
      }
    },
    "home-manager": {
      "inputs": {
        "nixpkgs": [
          "gepetto",
          "nixpkgs"
        ]
      },
      "locked": {
        "lastModified": 1787379775,
        "narHash": "sha256-XL2qfqmocfsvuEGyomZg4nOZfkuSe8vZtrOX99I+b6I=",
        "owner": "nix-community",
        "repo": "home-manager",
        "rev": "ec1a8fdf74ed3f276148ee106299a2ba0e65d51f",
        "type": "github"
      },
      "original": {
        "owner": "nix-community",
        "repo": "home-manager",
        "type": "github"
      }
    },
    "nix-ros-overlay": {
      "inputs": {
        "flake-utils": "flake-utils",
        "nixpkgs": "nixpkgs",
        "rosdistro": "rosdistro"
      },
      "locked": {
        "lastModified": 1787294587,
        "narHash": "sha256-chIbMlZqzwOyd4SJicJmHG3xmaUlC+7ZQ58yXHXWTrI=",
        "owner": "lopsided98",
        "repo": "nix-ros-overlay",
        "rev": "9c3b7c38f1084cfff014c41f304d22a618d1def9",
        "type": "github"
      },
      "original": {
        "owner": "lopsided98",
        "ref": "develop",
        "repo": "nix-ros-overlay",
        "type": "github"
      }
    },
    "nix-system-graphics": {
      "inputs": {
        "nixpkgs": [
          "gepetto",
          "nixpkgs"
        ]
      },
      "locked": {
        "lastModified": 1763296639,
        "narHash": "sha256-K9JBscC7ApwCnl0wR0sVkxrKFsoDYVqXN5fOujvyBWA=",
        "owner": "soupglasses",
        "repo": "nix-system-graphics",
        "rev": "ac37f0f3ec0cb15d63a520918433c794d01d9dac",
        "type": "github"
      },
      "original": {
        "owner": "soupglasses",
        "repo": "nix-system-graphics",
        "type": "github"
      }
    },
    "nixpkgs": {
      "locked": {
        "lastModified": 1785828668,
        "narHash": "sha256-8fsyqeO+mJqvIzeO4xIpgJe/f7MTbbVTEC6RT6WSXNs=",
        "owner": "NixOS",
        "repo": "nixpkgs",
        "rev": "e72e4f299401a3689d4b3d5fc6496b11db7064eb",
        "type": "github"
      },
      "original": {
        "owner": "NixOS",
        "ref": "nixos-unstable",
        "repo": "nixpkgs",
        "type": "github"
      }
    },
    "nixpkgs-lib": {
      "locked": {
        "lastModified": 1785031560,
        "narHash": "sha256-OmshNvn2vupOFpYinLUu+1Dnpu4n7Q5N3ggGVNHpkUI=",
        "owner": "nix-community",
        "repo": "nixpkgs.lib",
        "rev": "0e79af5e3d4dcfcd676ab5ba3f95d2e3352e078c",
        "type": "github"
      },
      "original": {
        "owner": "nix-community",
        "repo": "nixpkgs.lib",
        "type": "github"
      }
    },
    "pre-commit-hooks-nix": {
      "inputs": {
        "flake-compat": [
          "gepetto",
          "system-manager",
          "userborn",
          "flake-compat"
        ],
        "gitignore": "gitignore",
        "nixpkgs": [
          "gepetto",
          "system-manager",
          "userborn",
          "nixpkgs"
        ]
      },
      "locked": {
        "lastModified": 1769069492,
        "narHash": "sha256-Efs3VUPelRduf3PpfPP2ovEB4CXT7vHf8W+xc49RL/U=",
        "owner": "cachix",
        "repo": "pre-commit-hooks.nix",
        "rev": "a1ef738813b15cf8ec759bdff5761b027e3e1d23",
        "type": "github"
      },
      "original": {
        "owner": "cachix",
        "repo": "pre-commit-hooks.nix",
        "type": "github"
      }
    },
    "root": {
      "inputs": {
        "gepetto": "gepetto"
      }
    },
    "rosdistro": {
      "flake": false,
      "locked": {
        "lastModified": 1786735438,
        "narHash": "sha256-rxCA2+gTQYkpngm9cY3s9gTNtStPbzlts0U3HuTtarg=",
        "owner": "ros",
        "repo": "rosdistro",
        "rev": "b045bb798698b128867db5a3a81e515ecf32d38e",
        "type": "github"
      },
      "original": {
        "owner": "ros",
        "repo": "rosdistro",
        "type": "github"
      }
    },
    "system-manager": {
      "inputs": {
        "flake-compat": "flake-compat",
        "nixpkgs": [
          "gepetto",
          "nixpkgs"
        ],
        "userborn": "userborn"
      },
      "locked": {
        "lastModified": 1784579760,
        "narHash": "sha256-7YKNfK0RQbUoYkjDI/EpTk76nDUiONJYuOxZnflx7tI=",
        "owner": "numtide",
        "repo": "system-manager",
        "rev": "48d47346e0c6ad05b6c869ea92649c47723d1cfc",
        "type": "github"
      },
      "original": {
        "owner": "numtide",
        "repo": "system-manager",
        "type": "github"
      }
    },
    "systems": {
      "locked": {
        "lastModified": 1681028828,
        "narHash": "sha256-Vy1rq5AaRuLzOxct8nz4T6wlgyUR7zLU309k9mBC768=",
        "owner": "nix-systems",
        "repo": "default",
        "rev": "da67096a3b9bf56a91d16901293e51ba5b49a27e",
        "type": "github"
      },
      "original": {
        "owner": "nix-systems",
        "repo": "default",
        "type": "github"
      }
    },
    "systems_2": {
      "locked": {
        "lastModified": 1681028828,
        "narHash": "sha256-Vy1rq5AaRuLzOxct8nz4T6wlgyUR7zLU309k9mBC768=",
        "owner": "nix-systems",
        "repo": "default",
        "rev": "da67096a3b9bf56a91d16901293e51ba5b49a27e",
        "type": "github"
      },
      "original": {
        "owner": "nix-systems",
        "repo": "default",
        "type": "github"
      }
    },
    "treefmt-nix": {
      "inputs": {
        "nixpkgs": [
          "gepetto",
          "gazebros2nix",
          "flakoboros",
          "nixpkgs"
        ]
      },
      "locked": {
        "lastModified": 1786901030,
        "narHash": "sha256-WSFCsDSE5ffgD2MqzkM2CYjeFiKhRF/dJUN8uedb6YE=",
        "owner": "numtide",
        "repo": "treefmt-nix",
        "rev": "27b3b12a8e6375f28ebe122f07d230ca5459bbfa",
        "type": "github"
      },
      "original": {
        "owner": "numtide",
        "repo": "treefmt-nix",
        "type": "github"
      }
    },
    "userborn": {
      "inputs": {
        "flake-compat": [
          "gepetto",
          "system-manager",
          "flake-compat"
        ],
        "flake-parts": "flake-parts_2",
        "nixpkgs": [
          "gepetto",
          "system-manager",
          "nixpkgs"
        ],
        "pre-commit-hooks-nix": "pre-commit-hooks-nix",
        "systems": "systems_2"
      },
      "locked": {
        "lastModified": 1770377964,
        "narHash": "sha256-q2pnlX2IW0kg80GLFnwWd/GigIpkuZnyKPLhrgJql3E=",
        "owner": "jfroche",
        "repo": "userborn",
        "rev": "55c2cd7952c207a62736a5bbd9499ea73da18d24",
        "type": "github"
      },
      "original": {
        "owner": "jfroche",
        "ref": "system-manager",
        "repo": "userborn",
        "type": "github"
      }
    }
  },
  "root": "root",
  "version": 7
}
